
Microsoft Visual Studio Solution File, Format Version 12.00
# Visual Studio Version 16
VisualStudioVersion = 16.0.31229.75
MinimumVisualStudioVersion = 10.0.40219.1
Project("{FAE04EC0-301F-11D3-BF4B-00C04F79EFBC}") = "TripLog.UWP", "TripLog\TripLog.UWP\TripLog.UWP.csproj", "{61332302-CBAE-4FAC-B679-7EB290609F1B}"
EndProject
Project("{FAE04EC0-301F-11D3-BF4B-00C04F79EFBC}") = "TripLog.Android", "TripLog\TripLog.Android\TripLog.Android.csproj", "{AD238F94-EFC7-4233-AF54-710E67FEE2BD}"
EndProject
Project("{FAE04EC0-301F-11D3-BF4B-00C04F79EFBC}") = "TripLog.iOS", "TripLog\TripLog.iOS\TripLog.iOS.csproj", "{594EC3C8-4CEA-43AA-BBA1-06D9D8ECB7CA}"
EndProject
Project("{FAE04EC0-301F-11D3-BF4B-00C04F79EFBC}") = "TripLog", "TripLog\TripLog\TripLog.csproj", "{DB3EE8CD-7436-4A0E-B9AB-E5D5BC9A1B6C}"
EndProject
Global
	GlobalSection(SolutionConfigurationPlatforms) = preSolution
		Debug|Any CPU = Debug|Any CPU
		Debug|ARM = Debug|ARM
		Debug|iPhone = Debug|iPhone
		Debug|iPhoneSimulator = Debug|iPhoneSimulator
		Debug|x64 = Debug|x64
		Debug|x86 = Debug|x86
		Release|Any CPU = Release|Any CPU
		Release|ARM = Release|ARM
		Release|iPhone = Release|iPhone
		Release|iPhoneSimulator = Release|iPhoneSimulator
		Release|x64 = Release|x64
		Release|x86 = Release|x86
	EndGlobalSection
	GlobalSection(ProjectConfigurationPlatforms) = postSolution
		{61332302-CBAE-4FAC-B679-7EB290609F1B}.Debug|Any CPU.ActiveCfg = Debug|x86
		{61332302-CBAE-4FAC-B679-7EB290609F1B}.Debug|Any CPU.Build.0 = Debug|x86
		{61332302-CBAE-4FAC-B679-7EB290609F1B}.Debug|Any CPU.Deploy.0 = Debug|x86
		{61332302-CBAE-4FAC-B679-7EB290609F1B}.Debug|ARM.ActiveCfg = Debug|ARM
		{61332302-CBAE-4FAC-B679-7EB290609F1B}.Debug|ARM.Build.0 = Debug|ARM
		{61332302-CBAE-4FAC-B679-7EB290609F1B}.Debug|ARM.Deploy.0 = Debug|ARM
		{61332302-CBAE-4FAC-B679-7EB290609F1B}.Debug|iPhone.ActiveCfg = Debug|x86
		{61332302-CBAE-4FAC-B679-7EB290609F1B}.Debug|iPhone.Build.0 = Debug|x86
		{61332302-CBAE-4FAC-B679-7EB290609F1B}.Debug|iPhone.Deploy.0 = Debug|x86
		{61332302-CBAE-4FAC-B679-7EB290609F1B}.Debug|iPhoneSimulator.ActiveCfg = Debug|x86
		{61332302-CBAE-4FAC-B679-7EB290609F1B}.Debug|iPhoneSimulator.Build.0 = Debug|x86
		{61332302-CBAE-4FAC-B679-7EB290609F1B}.Debug|iPhoneSimulator.Deploy.0 = Debug|x86
		{61332302-CBAE-4FAC-B679-7EB290609F1B}.Debug|x64.ActiveCfg = Debug|x64
		{61332302-CBAE-4FAC-B679-7EB290609F1B}.Debug|x64.Build.0 = Debug|x64
		{61332302-CBAE-4FAC-B679-7EB290609F1B}.Debug|x64.Deploy.0 = Debug|x64
		{61332302-CBAE-4FAC-B679-7EB290609F1B}.Debug|x86.ActiveCfg = Debug|x86
		{61332302-CBAE-4FAC-B679-7EB290609F1B}.Debug|x86.Build.0 = Debug|x86
		{61332302-CBAE-4FAC-B679-7EB290609F1B}.Debug|x86.Deploy.0 = Debug|x86
		{61332302-CBAE-4FAC-B679-7EB290609F1B}.Release|Any CPU.ActiveCfg = Release|x86
		{61332302-CBAE-4FAC-B679-7EB290609F1B}.Release|Any CPU.Build.0 = Release|x86
		{61332302-CBAE-4FAC-B679-7EB290609F1B}.Release|Any CPU.Deploy.0 = Release|x86
		{61332302-CBAE-4FAC-B679-7EB290609F1B}.Release|ARM.ActiveCfg = Release|ARM
		{61332302-CBAE-4FAC-B679-7EB290609F1B}.Release|ARM.Build.0 = Release|ARM
		{61332302-CBAE-4FAC-B679-7EB290609F1B}.Release|ARM.Deploy.0 = Release|ARM
		{61332302-CBAE-4FAC-B679-7EB290609F1B}.Release|iPhone.ActiveCfg = Release|x86
		{61332302-CBAE-4FAC-B679-7EB290609F1B}.Release|iPhone.Build.0 = Release|x86
		{61332302-CBAE-4FAC-B679-7EB290609F1B}.Release|iPhone.Deploy.0 = Release|x86
		{61332302-CBAE-4FAC-B679-7EB290609F1B}.Release|iPhoneSimulator.ActiveCfg = Release|x86
		{61332302-CBAE-4FAC-B679-7EB290609F1B}.Release|iPhoneSimulator.Build.0 = Release|x86
		{61332302-CBAE-4FAC-B679-7EB290609F1B}.Release|iPhoneSimulator.Deploy.0 = Release|x86
		{61332302-CBAE-4FAC-B679-7EB290609F1B}.Release|x64.ActiveCfg = Release|x64
		{61332302-CBAE-4FAC-B679-7EB290609F1B}.Release|x64.Build.0 = Release|x64
		{61332302-CBAE-4FAC-B679-7EB290609F1B}.Release|x64.Deploy.0 = Release|x64
		{61332302-CBAE-4FAC-B679-7EB290609F1B}.Release|x86.ActiveCfg = Release|x86
		{61332302-CBAE-4FAC-B679-7EB290609F1B}.Release|x86.Build.0 = Release|x86
		{61332302-CBAE-4FAC-B679-7EB290609F1B}.Release|x86.Deploy.0 = Release|x86
		{AD238F94-EFC7-4233-AF54-710E67FEE2BD}.Debug|Any CPU.ActiveCfg = Debug|Any CPU
		{AD238F94-EFC7-4233-AF54-710E67FEE2BD}.Debug|Any CPU.Build.0 = Debug|Any CPU
		{AD238F94-EFC7-4233-AF54-710E67FEE2BD}.Debug|Any CPU.Deploy.0 = Debug|Any CPU
		{AD238F94-EFC7-4233-AF54-710E67FEE2BD}.Debug|ARM.ActiveCfg = Debug|Any CPU
		{AD238F94-EFC7-4233-AF54-710E67FEE2BD}.Debug|ARM.Build.0 = Debug|Any CPU
		{AD238F94-EFC7-4233-AF54-710E67FEE2BD}.Debug|ARM.Deploy.0 = Debug|Any CPU
		{AD238F94-EFC7-4233-AF54-710E67FEE2BD}.Debug|iPhone.ActiveCfg = Debug|Any CPU
		{AD238F94-EFC7-4233-AF54-710E67FEE2BD}.Debug|iPhone.Build.0 = Debug|Any CPU
		{AD238F94-EFC7-4233-AF54-710E67FEE2BD}.Debug|iPhone.Deploy.0 = Debug|Any CPU
		{AD238F94-EFC7-4233-AF54-710E67FEE2BD}.Debug|iPhoneSimulator.ActiveCfg = Debug|Any CPU
		{AD238F94-EFC7-4233-AF54-710E67FEE2BD}.Debug|iPhoneSimulator.Build.0 = Debug|Any CPU
		{AD238F94-EFC7-4233-AF54-710E67FEE2BD}.Debug|iPhoneSimulator.Deploy.0 = Debug|Any CPU
		{AD238F94-EFC7-4233-AF54-710E67FEE2BD}.Debug|x64.ActiveCfg = Debug|Any CPU
		{AD238F94-EFC7-4233-AF54-710E67FEE2BD}.Debug|x64.Build.0 = Debug|Any CPU
		{AD238F94-EFC7-4233-AF54-710E67FEE2BD}.Debug|x64.Deploy.0 = Debug|Any CPU
		{AD238F94-EFC7-4233-AF54-710E67FEE2BD}.Debug|x86.ActiveCfg = Debug|Any CPU
		{AD238F94-EFC7-4233-AF54-710E67FEE2BD}.Debug|x86.Build.0 = Debug|Any CPU
		{AD238F94-EFC7-4233-AF54-710E67FEE2BD}.Debug|x86.Deploy.0 = Debug|Any CPU
		{AD238F94-EFC7-4233-AF54-710E67FEE2BD}.Release|Any CPU.ActiveCfg = Release|Any CPU
		{AD238F94-EFC7-4233-AF54-710E67FEE2BD}.Release|Any CPU.Build.0 = Release|Any CPU
		{AD238F94-EFC7-4233-AF54-710E67FEE2BD}.Release|Any CPU.Deploy.0 = Release|Any CPU
		{AD238F94-EFC7-4233-AF54-710E67FEE2BD}.Release|ARM.ActiveCfg = Release|Any CPU
		{AD238F94-EFC7-4233-AF54-710E67FEE2BD}.Release|ARM.Build.0 = Release|Any CPU
		{AD238F94-EFC7-4233-AF54-710E67FEE2BD}.Release|ARM.Deploy.0 = Release|Any CPU
		{AD238F94-EFC7-4233-AF54-710E67FEE2BD}.Release|iPhone.ActiveCfg = Release|Any CPU
		{AD238F94-EFC7-4233-AF54-710E67FEE2BD}.Release|iPhone.Build.0 = Release|Any CPU
		{AD238F94-EFC7-4233-AF54-710E67FEE2BD}.Release|iPhone.Deploy.0 = Release|Any CPU
		{AD238F94-EFC7-4233-AF54-710E67FEE2BD}.Release|iPhoneSimulator.ActiveCfg = Release|Any CPU
		{AD238F94-EFC7-4233-AF54-710E67FEE2BD}.Release|iPhoneSimulator.Build.0 = Release|Any CPU
		{AD238F94-EFC7-4233-AF54-710E67FEE2BD}.Release|iPhoneSimulator.Deploy.0 = Release|Any CPU
		{AD238F94-EFC7-4233-AF54-710E67FEE2BD}.Release|x64.ActiveCfg = Release|Any CPU
		{AD238F94-EFC7-4233-AF54-710E67FEE2BD}.Release|x64.Build.0 = Release|Any CPU
		{AD238F94-EFC7-4233-AF54-710E67FEE2BD}.Release|x64.Deploy.0 = Release|Any CPU
		{AD238F94-EFC7-4233-AF54-710E67FEE2BD}.Release|x86.ActiveCfg = Release|Any CPU
		{AD238F94-EFC7-4233-AF54-710E67FEE2BD}.Release|x86.Build.0 = Release|Any CPU
		{AD238F94-EFC7-4233-AF54-710E67FEE2BD}.Release|x86.Deploy.0 = Release|Any CPU
		{594EC3C8-4CEA-43AA-BBA1-06D9D8ECB7CA}.Debug|Any CPU.ActiveCfg = Debug|iPhoneSimulator
		{594EC3C8-4CEA-43AA-BBA1-06D9D8ECB7CA}.Debug|Any CPU.Build.0 = Debug|iPhoneSimulator
		{594EC3C8-4CEA-43AA-BBA1-06D9D8ECB7CA}.Debug|Any CPU.Deploy.0 = Debug|iPhoneSimulator
		{594EC3C8-4CEA-43AA-BBA1-06D9D8ECB7CA}.Debug|ARM.ActiveCfg = Debug|iPhone
		{594EC3C8-4CEA-43AA-BBA1-06D9D8ECB7CA}.Debug|ARM.Build.0 = Debug|iPhone
		{594EC3C8-4CEA-43AA-BBA1-06D9D8ECB7CA}.Debug|ARM.Deploy.0 = Debug|iPhone
		{594EC3C8-4CEA-43AA-BBA1-06D9D8ECB7CA}.Debug|iPhone.ActiveCfg = Debug|iPhone
		{594EC3C8-4CEA-43AA-BBA1-06D9D8ECB7CA}.Debug|iPhone.Build.0 = Debug|iPhone
		{594EC3C8-4CEA-43AA-BBA1-06D9D8ECB7CA}.Debug|iPhone.Deploy.0 = Debug|iPhone
		{594EC3C8-4CEA-43AA-BBA1-06D9D8ECB7CA}.Debug|iPhoneSimulator.ActiveCfg = Debug|iPhoneSimulator
		{594EC3C8-4CEA-43AA-BBA1-06D9D8ECB7CA}.Debug|iPhoneSimulator.Build.0 = Debug|iPhoneSimulator
		{594EC3C8-4CEA-43AA-BBA1-06D9D8ECB7CA}.Debug|iPhoneSimulator.Deploy.0 = Debug|iPhoneSimulator
		{594EC3C8-4CEA-43AA-BBA1-06D9D8ECB7CA}.Debug|x64.ActiveCfg = Debug|iPhoneSimulator
		{594EC3C8-4CEA-43AA-BBA1-06D9D8ECB7CA}.Debug|x64.Build.0 = Debug|iPhoneSimulator
		{594EC3C8-4CEA-43AA-BBA1-06D9D8ECB7CA}.Debug|x64.Deploy.0 = Debug|iPhoneSimulator
		{594EC3C8-4CEA-43AA-BBA1-06D9D8ECB7CA}.Debug|x86.ActiveCfg = Debug|iPhoneSimulator
		{594EC3C8-4CEA-43AA-BBA1-06D9D8ECB7CA}.Debug|x86.Build.0 = Debug|iPhoneSimulator
		{594EC3C8-4CEA-43AA-BBA1-06D9D8ECB7CA}.Debug|x86.Deploy.0 = Debug|iPhoneSimulator
		{594EC3C8-4CEA-43AA-BBA1-06D9D8ECB7CA}.Release|Any CPU.ActiveCfg = Release|iPhoneSimulator
		{594EC3C8-4CEA-43AA-BBA1-06D9D8ECB7CA}.Release|Any CPU.Build.0 = Release|iPhoneSimulator
		{594EC3C8-4CEA-43AA-BBA1-06D9D8ECB7CA}.Release|Any CPU.Deploy.0 = Release|iPhoneSimulator
		{594EC3C8-4CEA-43AA-BBA1-06D9D8ECB7CA}.Release|ARM.ActiveCfg = Release|iPhoneSimulator
		{594EC3C8-4CEA-43AA-BBA1-06D9D8ECB7CA}.Release|ARM.Build.0 = Release|iPhoneSimulator
		{594EC3C8-4CEA-43AA-BBA1-06D9D8ECB7CA}.Release|ARM.Deploy.0 = Release|iPhoneSimulator
		{594EC3C8-4CEA-43AA-BBA1-06D9D8ECB7CA}.Release|iPhone.ActiveCfg = Release|iPhone
		{594EC3C8-4CEA-43AA-BBA1-06D9D8ECB7CA}.Release|iPhone.Build.0 = Release|iPhone
		{594EC3C8-4CEA-43AA-BBA1-06D9D8ECB7CA}.Release|iPhone.Deploy.0 = Release|iPhone
		{594EC3C8-4CEA-43AA-BBA1-06D9D8ECB7CA}.Release|iPhoneSimulator.ActiveCfg = Release|iPhoneSimulator
		{594EC3C8-4CEA-43AA-BBA1-06D9D8ECB7CA}.Release|iPhoneSimulator.Build.0 = Release|iPhoneSimulator
		{594EC3C8-4CEA-43AA-BBA1-06D9D8ECB7CA}.Release|iPhoneSimulator.Deploy.0 = Release|iPhoneSimulator
		{594EC3C8-4CEA-43AA-BBA1-06D9D8ECB7CA}.Release|x64.ActiveCfg = Release|iPhoneSimulator
		{594EC3C8-4CEA-43AA-BBA1-06D9D8ECB7CA}.Release|x64.Build.0 = Release|iPhoneSimulator
		{594EC3C8-4CEA-43AA-BBA1-06D9D8ECB7CA}.Release|x64.Deploy.0 = Release|iPhoneSimulator
		{594EC3C8-4CEA-43AA-BBA1-06D9D8ECB7CA}.Release|x86.ActiveCfg = Release|iPhoneSimulator
		{594EC3C8-4CEA-43AA-BBA1-06D9D8ECB7CA}.Release|x86.Build.0 = Release|iPhoneSimulator
		{594EC3C8-4CEA-43AA-BBA1-06D9D8ECB7CA}.Release|x86.Deploy.0 = Release|iPhoneSimulator
		{DB3EE8CD-7436-4A0E-B9AB-E5D5BC9A1B6C}.Debug|Any CPU.ActiveCfg = Debug|Any CPU
		{DB3EE8CD-7436-4A0E-B9AB-E5D5BC9A1B6C}.Debug|Any CPU.Build.0 = Debug|Any CPU
		{DB3EE8CD-7436-4A0E-B9AB-E5D5BC9A1B6C}.Debug|Any CPU.Deploy.0 = Debug|Any CPU
		{DB3EE8CD-7436-4A0E-B9AB-E5D5BC9A1B6C}.Debug|ARM.ActiveCfg = Debug|Any CPU
		{DB3EE8CD-7436-4A0E-B9AB-E5D5BC9A1B6C}.Debug|ARM.Build.0 = Debug|Any CPU
		{DB3EE8CD-7436-4A0E-B9AB-E5D5BC9A1B6C}.Debug|ARM.Deploy.0 = Debug|Any CPU
		{DB3EE8CD-7436-4A0E-B9AB-E5D5BC9A1B6C}.Debug|iPhone.ActiveCfg = Debug|Any CPU
		{DB3EE8CD-7436-4A0E-B9AB-E5D5BC9A1B6C}.Debug|iPhone.Build.0 = Debug|Any CPU
		{DB3EE8CD-7436-4A0E-B9AB-E5D5BC9A1B6C}.Debug|iPhone.Deploy.0 = Debug|Any CPU
		{DB3EE8CD-7436-4A0E-B9AB-E5D5BC9A1B6C}.Debug|iPhoneSimulator.ActiveCfg = Debug|Any CPU
		{DB3EE8CD-7436-4A0E-B9AB-E5D5BC9A1B6C}.Debug|iPhoneSimulator.Build.0 = Debug|Any CPU
		{DB3EE8CD-7436-4A0E-B9AB-E5D5BC9A1B6C}.Debug|iPhoneSimulator.Deploy.0 = Debug|Any CPU
		{DB3EE8CD-7436-4A0E-B9AB-E5D5BC9A1B6C}.Debug|x64.ActiveCfg = Debug|Any CPU
		{DB3EE8CD-7436-4A0E-B9AB-E5D5BC9A1B6C}.Debug|x64.Build.0 = Debug|Any CPU
		{DB3EE8CD-7436-4A0E-B9AB-E5D5BC9A1B6C}.Debug|x64.Deploy.0 = Debug|Any CPU
		{DB3EE8CD-7436-4A0E-B9AB-E5D5BC9A1B6C}.Debug|x86.ActiveCfg = Debug|Any CPU
		{DB3EE8CD-7436-4A0E-B9AB-E5D5BC9A1B6C}.Debug|x86.Build.0 = Debug|Any CPU
		{DB3EE8CD-7436-4A0E-B9AB-E5D5BC9A1B6C}.Debug|x86.Deploy.0 = Debug|Any CPU
		{DB3EE8CD-7436-4A0E-B9AB-E5D5BC9A1B6C}.Release|Any CPU.ActiveCfg = Release|Any CPU
		{DB3EE8CD-7436-4A0E-B9AB-E5D5BC9A1B6C}.Release|Any CPU.Build.0 = Release|Any CPU
		{DB3EE8CD-7436-4A0E-B9AB-E5D5BC9A1B6C}.Release|Any CPU.Deploy.0 = Release|Any CPU
		{DB3EE8CD-7436-4A0E-B9AB-E5D5BC9A1B6C}.Release|ARM.ActiveCfg = Release|Any CPU
		{DB3EE8CD-7436-4A0E-B9AB-E5D5BC9A1B6C}.Release|ARM.Build.0 = Release|Any CPU
		{DB3EE8CD-7436-4A0E-B9AB-E5D5BC9A1B6C}.Release|ARM.Deploy.0 = Release|Any CPU
		{DB3EE8CD-7436-4A0E-B9AB-E5D5BC9A1B6C}.Release|iPhone.ActiveCfg = Release|Any CPU
		{DB3EE8CD-7436-4A0E-B9AB-E5D5BC9A1B6C}.Release|iPhone.Build.0 = Release|Any CPU
		{DB3EE8CD-7436-4A0E-B9AB-E5D5BC9A1B6C}.Release|iPhone.Deploy.0 = Release|Any CPU
		{DB3EE8CD-7436-4A0E-B9AB-E5D5BC9A1B6C}.Release|iPhoneSimulator.ActiveCfg = Release|Any CPU
		{DB3EE8CD-7436-4A0E-B9AB-E5D5BC9A1B6C}.Release|iPhoneSimulator.Build.0 = Release|Any CPU
		{DB3EE8CD-7436-4A0E-B9AB-E5D5BC9A1B6C}.Release|iPhoneSimulator.Deploy.0 = Release|Any CPU
		{DB3EE8CD-7436-4A0E-B9AB-E5D5BC9A1B6C}.Release|x64.ActiveCfg = Release|Any CPU
		{DB3EE8CD-7436-4A0E-B9AB-E5D5BC9A1B6C}.Release|x64.Build.0 = Release|Any CPU
		{DB3EE8CD-7436-4A0E-B9AB-E5D5BC9A1B6C}.Release|x64.Deploy.0 = Release|Any CPU
		{DB3EE8CD-7436-4A0E-B9AB-E5D5BC9A1B6C}.Release|x86.ActiveCfg = Release|Any CPU
		{DB3EE8CD-7436-4A0E-B9AB-E5D5BC9A1B6C}.Release|x86.Build.0 = Release|Any CPU
		{DB3EE8CD-7436-4A0E-B9AB-E5D5BC9A1B6C}.Release|x86.Deploy.0 = Release|Any CPU
	EndGlobalSection
	GlobalSection(SolutionProperties) = preSolution
		HideSolutionNode = FALSE
	EndGlobalSection
	GlobalSection(ExtensibilityGlobals) = postSolution
		SolutionGuid = {505CAEF1-ACB8-45AB-837A-CB1A01F0AA8A}
	EndGlobalSection
EndGlobal
